
Microsoft Visual Studio Solution File, Format Version 12.00
# Visual Studio Version 17
VisualStudioVersion = 17.7.34202.233
MinimumVisualStudioVersion = 10.0.40219.1
Project("{FAE04EC0-301F-11D3-BF4B-00C04F79EFBC}") = "RegistroEstudiante", "RegistroEstudiante.csproj", "{69372C8B-0E01-4123-902B-BD3282396AA6}"
EndProject
Global
	GlobalSection(SolutionConfigurationPlatforms) = preSolution
		Debug|Any CPU = Debug|Any CPU
		Release|Any CPU = Release|Any CPU
	EndGlobalSection
	GlobalSection(ProjectConfigurationPlatforms) = postSolution
		{69372C8B-0E01-4123-902B-BD3282396AA6}.Debug|Any CPU.ActiveCfg = Debug|Any CPU
		{69372C8B-0E01-4123-902B-BD3282396AA6}.Debug|Any CPU.Build.0 = Debug|Any CPU
		{69372C8B-0E01-4123-902B-BD3282396AA6}.Debug|Any CPU.Deploy.0 = Debug|Any CPU
		{69372C8B-0E01-4123-902B-BD3282396AA6}.Release|Any CPU.ActiveCfg = Release|Any CPU
		{69372C8B-0E01-4123-902B-BD3282396AA6}.Release|Any CPU.Build.0 = Release|Any CPU
		{69372C8B-0E01-4123-902B-BD3282396AA6}.Release|Any CPU.Deploy.0 = Release|Any CPU
	EndGlobalSection
	GlobalSection(SolutionProperties) = preSolution
		HideSolutionNode = FALSE
	EndGlobalSection
	GlobalSection(ExtensibilityGlobals) = postSolution
		SolutionGuid = {53724867-36EA-48C9-AC9B-798C0EF42374}
	EndGlobalSection
EndGlobal
